
Microsoft Visual Studio Solution File, Format Version 12.00
# Visual Studio Version 16
VisualStudioVersion = 16.0.31005.135
MinimumVisualStudioVersion = 10.0.40219.1
Project("{9A19103F-16F7-4668-BE54-9A1E7A4F7556}") = "UserManageMentSerivces", "UserManageMentSerivces.csproj", "{274362B8-6532-41DD-90DF-1F23845BCB83}"
EndProject
Project("{FAE04EC0-301F-11D3-BF4B-00C04F79EFBC}") = "UserManageMentServicesTest", "..\UserManageMentServicesTest\UserManageMentServicesTest.csproj", "{8C5998C2-B304-421B-9539-C0C53ACC61ED}"
EndProject
Global
	GlobalSection(SolutionConfigurationPlatforms) = preSolution
		Debug|Any CPU = Debug|Any CPU
		Release|Any CPU = Release|Any CPU
	EndGlobalSection
	GlobalSection(ProjectConfigurationPlatforms) = postSolution
		{274362B8-6532-41DD-90DF-1F23845BCB83}.Debug|Any CPU.ActiveCfg = Debug|Any CPU
		{274362B8-6532-41DD-90DF-1F23845BCB83}.Debug|Any CPU.Build.0 = Debug|Any CPU
		{274362B8-6532-41DD-90DF-1F23845BCB83}.Release|Any CPU.ActiveCfg = Release|Any CPU
		{274362B8-6532-41DD-90DF-1F23845BCB83}.Release|Any CPU.Build.0 = Release|Any CPU
		{8C5998C2-B304-421B-9539-C0C53ACC61ED}.Debug|Any CPU.ActiveCfg = Debug|Any CPU
		{8C5998C2-B304-421B-9539-C0C53ACC61ED}.Debug|Any CPU.Build.0 = Debug|Any CPU
		{8C5998C2-B304-421B-9539-C0C53ACC61ED}.Release|Any CPU.ActiveCfg = Release|Any CPU
		{8C5998C2-B304-421B-9539-C0C53ACC61ED}.Release|Any CPU.Build.0 = Release|Any CPU
	EndGlobalSection
	GlobalSection(SolutionProperties) = preSolution
		HideSolutionNode = FALSE
	EndGlobalSection
	GlobalSection(ExtensibilityGlobals) = postSolution
		SolutionGuid = {30E0B9C1-5B42-44D6-B96A-91D292B95563}
	EndGlobalSection
EndGlobal
